// !$*UTF8*$!
{
	archiveVersion = 1;
	classes = {
	};
	objectVersion = 56;
	objects = {

/* Begin PBXBuildFile section */
		6D2129202B7BA3E7004CE41C /* coinSound.wav in Resources */ = {isa = PBXBuildFile; fileRef = 6D21291F2B7BA3E7004CE41C /* coinSound.wav */; };
		6D2129242B7CBCAB004CE41C /* randomizerSound.wav in Resources */ = {isa = PBXBuildFile; fileRef = 6D2129222B7CBCAB004CE41C /* randomizerSound.wav */; };
		6D21292B2B7CC97B004CE41C /* yesOrNoSound.wav in Resources */ = {isa = PBXBuildFile; fileRef = 6D21292A2B7CC97B004CE41C /* yesOrNoSound.wav */; };
		6D350EFB2B74CC5900138AB9 /* Extensions.swift in Sources */ = {isa = PBXBuildFile; fileRef = 6D350EFA2B74CC5900138AB9 /* Extensions.swift */; };
		6DA895272B60F6EF00C43F82 /* AppDelegate.swift in Sources */ = {isa = PBXBuildFile; fileRef = 6DA895262B60F6EF00C43F82 /* AppDelegate.swift */; };
		6DA895292B60F6EF00C43F82 /* SceneDelegate.swift in Sources */ = {isa = PBXBuildFile; fileRef = 6DA895282B60F6EF00C43F82 /* SceneDelegate.swift */; };
		6DA895302B60F6F000C43F82 /* Assets.xcassets in Resources */ = {isa = PBXBuildFile; fileRef = 6DA8952F2B60F6F000C43F82 /* Assets.xcassets */; };
		6DA895332B60F6F000C43F82 /* LaunchScreen.storyboard in Resources */ = {isa = PBXBuildFile; fileRef = 6DA895312B60F6F000C43F82 /* LaunchScreen.storyboard */; };
		6DA895402B60F9AB00C43F82 /* TabBarViewController.swift in Sources */ = {isa = PBXBuildFile; fileRef = 6DA8953F2B60F9AB00C43F82 /* TabBarViewController.swift */; };
		6DA895422B6102F600C43F82 /* HeadsOrTailsViewController.swift in Sources */ = {isa = PBXBuildFile; fileRef = 6DA895412B6102F600C43F82 /* HeadsOrTailsViewController.swift */; };
		6DA895442B61030800C43F82 /* YesOrNoViewController.swift in Sources */ = {isa = PBXBuildFile; fileRef = 6DA895432B61030800C43F82 /* YesOrNoViewController.swift */; };
		6DA895462B61031D00C43F82 /* RandomizerViewController.swift in Sources */ = {isa = PBXBuildFile; fileRef = 6DA895452B61031D00C43F82 /* RandomizerViewController.swift */; };
		6DA895482B610FC800C43F82 /* YesOrNoView.swift in Sources */ = {isa = PBXBuildFile; fileRef = 6DA895472B610FC800C43F82 /* YesOrNoView.swift */; };
		6DA8954A2B610FD600C43F82 /* HeadsOrTailsView.swift in Sources */ = {isa = PBXBuildFile; fileRef = 6DA895492B610FD600C43F82 /* HeadsOrTailsView.swift */; };
		6DA8954C2B610FE400C43F82 /* RandomizerView.swift in Sources */ = {isa = PBXBuildFile; fileRef = 6DA8954B2B610FE400C43F82 /* RandomizerView.swift */; };
		6DA8954E2B64FB7700C43F82 /* PublicFuncs.swift in Sources */ = {isa = PBXBuildFile; fileRef = 6DA8954D2B64FB7700C43F82 /* PublicFuncs.swift */; };
		6DA895512B653B0400C43F82 /* GeneralButton.swift in Sources */ = {isa = PBXBuildFile; fileRef = 6DA895502B653B0400C43F82 /* GeneralButton.swift */; };
		8B9A83A86C9313C16E92F648 /* Pods_Respondos.framework in Frameworks */ = {isa = PBXBuildFile; fileRef = DA27B0BF14D462401669CD98 /* Pods_Respondos.framework */; };
/* End PBXBuildFile section */

/* Begin PBXFileReference section */
		107EFDA054DA47FCD0DE9F83 /* Pods-Respondos.release.xcconfig */ = {isa = PBXFileReference; includeInIndex = 1; lastKnownFileType = text.xcconfig; name = "Pods-Respondos.release.xcconfig"; path = "Target Support Files/Pods-Respondos/Pods-Respondos.release.xcconfig"; sourceTree = "<group>"; };
		6D21291F2B7BA3E7004CE41C /* coinSound.wav */ = {isa = PBXFileReference; lastKnownFileType = audio.wav; path = coinSound.wav; sourceTree = "<group>"; };
		6D2129222B7CBCAB004CE41C /* randomizerSound.wav */ = {isa = PBXFileReference; lastKnownFileType = audio.wav; path = randomizerSound.wav; sourceTree = "<group>"; };
		6D21292A2B7CC97B004CE41C /* yesOrNoSound.wav */ = {isa = PBXFileReference; lastKnownFileType = audio.wav; path = yesOrNoSound.wav; sourceTree = "<group>"; };
		6D350EFA2B74CC5900138AB9 /* Extensions.swift */ = {isa = PBXFileReference; lastKnownFileType = sourcecode.swift; path = Extensions.swift; sourceTree = "<group>"; };
		6DA895232B60F6EE00C43F82 /* Respondos.app */ = {isa = PBXFileReference; explicitFileType = wrapper.application; includeInIndex = 0; path = Respondos.app; sourceTree = BUILT_PRODUCTS_DIR; };
		6DA895262B60F6EF00C43F82 /* AppDelegate.swift */ = {isa = PBXFileReference; lastKnownFileType = sourcecode.swift; path = AppDelegate.swift; sourceTree = "<group>"; };
		6DA895282B60F6EF00C43F82 /* SceneDelegate.swift */ = {isa = PBXFileReference; lastKnownFileType = sourcecode.swift; path = SceneDelegate.swift; sourceTree = "<group>"; };
		6DA8952F2B60F6F000C43F82 /* Assets.xcassets */ = {isa = PBXFileReference; lastKnownFileType = folder.assetcatalog; path = Assets.xcassets; sourceTree = "<group>"; };
		6DA895322B60F6F000C43F82 /* Base */ = {isa = PBXFileReference; lastKnownFileType = file.storyboard; name = Base; path = Base.lproj/LaunchScreen.storyboard; sourceTree = "<group>"; };
		6DA895342B60F6F000C43F82 /* Info.plist */ = {isa = PBXFileReference; lastKnownFileType = text.plist.xml; path = Info.plist; sourceTree = "<group>"; };
		6DA8953F2B60F9AB00C43F82 /* TabBarViewController.swift */ = {isa = PBXFileReference; lastKnownFileType = sourcecode.swift; path = TabBarViewController.swift; sourceTree = "<group>"; };
		6DA895412B6102F600C43F82 /* HeadsOrTailsViewController.swift */ = {isa = PBXFileReference; lastKnownFileType = sourcecode.swift; path = HeadsOrTailsViewController.swift; sourceTree = "<group>"; };
		6DA895432B61030800C43F82 /* YesOrNoViewController.swift */ = {isa = PBXFileReference; lastKnownFileType = sourcecode.swift; path = YesOrNoViewController.swift; sourceTree = "<group>"; };
		6DA895452B61031D00C43F82 /* RandomizerViewController.swift */ = {isa = PBXFileReference; lastKnownFileType = sourcecode.swift; path = RandomizerViewController.swift; sourceTree = "<group>"; };
		6DA895472B610FC800C43F82 /* YesOrNoView.swift */ = {isa = PBXFileReference; lastKnownFileType = sourcecode.swift; path = YesOrNoView.swift; sourceTree = "<group>"; };
		6DA895492B610FD600C43F82 /* HeadsOrTailsView.swift */ = {isa = PBXFileReference; lastKnownFileType = sourcecode.swift; path = HeadsOrTailsView.swift; sourceTree = "<group>"; };
		6DA8954B2B610FE400C43F82 /* RandomizerView.swift */ = {isa = PBXFileReference; lastKnownFileType = sourcecode.swift; path = RandomizerView.swift; sourceTree = "<group>"; };
		6DA8954D2B64FB7700C43F82 /* PublicFuncs.swift */ = {isa = PBXFileReference; lastKnownFileType = sourcecode.swift; path = PublicFuncs.swift; sourceTree = "<group>"; };
		6DA895502B653B0400C43F82 /* GeneralButton.swift */ = {isa = PBXFileReference; lastKnownFileType = sourcecode.swift; path = GeneralButton.swift; sourceTree = "<group>"; };
		D0066DBC13EF36E931748C96 /* Pods-Respondos.debug.xcconfig */ = {isa = PBXFileReference; includeInIndex = 1; lastKnownFileType = text.xcconfig; name = "Pods-Respondos.debug.xcconfig"; path = "Target Support Files/Pods-Respondos/Pods-Respondos.debug.xcconfig"; sourceTree = "<group>"; };
		DA27B0BF14D462401669CD98 /* Pods_Respondos.framework */ = {isa = PBXFileReference; explicitFileType = wrapper.framework; includeInIndex = 0; path = Pods_Respondos.framework; sourceTree = BUILT_PRODUCTS_DIR; };
/* End PBXFileReference section */

/* Begin PBXFrameworksBuildPhase section */
		6DA895202B60F6EE00C43F82 /* Frameworks */ = {
			isa = PBXFrameworksBuildPhase;
			buildActionMask = 2147483647;
			files = (
				8B9A83A86C9313C16E92F648 /* Pods_Respondos.framework in Frameworks */,
			);
			runOnlyForDeploymentPostprocessing = 0;
		};
/* End PBXFrameworksBuildPhase section */

/* Begin PBXGroup section */
		414DB8C0340A42259E5183CE /* Pods */ = {
			isa = PBXGroup;
			children = (
				D0066DBC13EF36E931748C96 /* Pods-Respondos.debug.xcconfig */,
				107EFDA054DA47FCD0DE9F83 /* Pods-Respondos.release.xcconfig */,
			);
			path = Pods;
			sourceTree = "<group>";
		};
		6D2129212B7BA3EC004CE41C /* Sounds */ = {
			isa = PBXGroup;
			children = (
				6D21291F2B7BA3E7004CE41C /* coinSound.wav */,
				6D21292A2B7CC97B004CE41C /* yesOrNoSound.wav */,
				6D2129222B7CBCAB004CE41C /* randomizerSound.wav */,
			);
			path = Sounds;
			sourceTree = "<group>";
		};
		6DA8951A2B60F6EE00C43F82 = {
			isa = PBXGroup;
			children = (
				6DA895252B60F6EE00C43F82 /* Respondos */,
				6DA895242B60F6EE00C43F82 /* Products */,
				414DB8C0340A42259E5183CE /* Pods */,
				A48AE46F15CA6D8B63CDBF3B /* Frameworks */,
			);
			sourceTree = "<group>";
		};
		6DA895242B60F6EE00C43F82 /* Products */ = {
			isa = PBXGroup;
			children = (
				6DA895232B60F6EE00C43F82 /* Respondos.app */,
			);
			name = Products;
			sourceTree = "<group>";
		};
		6DA895252B60F6EE00C43F82 /* Respondos */ = {
			isa = PBXGroup;
			children = (
				6DA8953A2B60F94900C43F82 /* App */,
				6DA8953B2B60F95500C43F82 /* UI */,
				6DA8953E2B60F98300C43F82 /* RootViewController */,
				6DA8952F2B60F6F000C43F82 /* Assets.xcassets */,
				6DA895312B60F6F000C43F82 /* LaunchScreen.storyboard */,
				6DA895342B60F6F000C43F82 /* Info.plist */,
			);
			path = Respondos;
			sourceTree = "<group>";
		};
		6DA8953A2B60F94900C43F82 /* App */ = {
			isa = PBXGroup;
			children = (
				6DA895262B60F6EF00C43F82 /* AppDelegate.swift */,
				6DA895282B60F6EF00C43F82 /* SceneDelegate.swift */,
			);
			path = App;
			sourceTree = "<group>";
		};
		6DA8953B2B60F95500C43F82 /* UI */ = {
			isa = PBXGroup;
			children = (
				6DA8953D2B60F96F00C43F82 /* Views */,
				6DA8953C2B60F96300C43F82 /* ViewControllers */,
				6DA8954F2B64FD1B00C43F82 /* Helpers */,
			);
			path = UI;
			sourceTree = "<group>";
		};
		6DA8953C2B60F96300C43F82 /* ViewControllers */ = {
			isa = PBXGroup;
			children = (
				6DA895432B61030800C43F82 /* YesOrNoViewController.swift */,
				6DA895412B6102F600C43F82 /* HeadsOrTailsViewController.swift */,
				6DA895452B61031D00C43F82 /* RandomizerViewController.swift */,
			);
			path = ViewControllers;
			sourceTree = "<group>";
		};
		6DA8953D2B60F96F00C43F82 /* Views */ = {
			isa = PBXGroup;
			children = (
				6DA895472B610FC800C43F82 /* YesOrNoView.swift */,
				6DA895492B610FD600C43F82 /* HeadsOrTailsView.swift */,
				6DA8954B2B610FE400C43F82 /* RandomizerView.swift */,
			);
			path = Views;
			sourceTree = "<group>";
		};
		6DA8953E2B60F98300C43F82 /* RootViewController */ = {
			isa = PBXGroup;
			children = (
				6DA8953F2B60F9AB00C43F82 /* TabBarViewController.swift */,
			);
			path = RootViewController;
			sourceTree = "<group>";
		};
		6DA8954F2B64FD1B00C43F82 /* Helpers */ = {
			isa = PBXGroup;
			children = (
				6D2129212B7BA3EC004CE41C /* Sounds */,
				6DA8954D2B64FB7700C43F82 /* PublicFuncs.swift */,
				6DA895502B653B0400C43F82 /* GeneralButton.swift */,
				6D350EFA2B74CC5900138AB9 /* Extensions.swift */,
			);
			path = Helpers;
			sourceTree = "<group>";
		};
		A48AE46F15CA6D8B63CDBF3B /* Frameworks */ = {
			isa = PBXGroup;
			children = (
				DA27B0BF14D462401669CD98 /* Pods_Respondos.framework */,
			);
			name = Frameworks;
			sourceTree = "<group>";
		};
/* End PBXGroup section */

/* Begin PBXNativeTarget section */
		6DA895222B60F6EE00C43F82 /* Respondos */ = {
			isa = PBXNativeTarget;
			buildConfigurationList = 6DA895372B60F6F000C43F82 /* Build configuration list for PBXNativeTarget "Respondos" */;
			buildPhases = (
				3349D0449B75AADF3B66BBFB /* [CP] Check Pods Manifest.lock */,
				6DA8951F2B60F6EE00C43F82 /* Sources */,
				6DA895202B60F6EE00C43F82 /* Frameworks */,
				6DA895212B60F6EE00C43F82 /* Resources */,
				E2D4000A43C67B83E90AB493 /* [CP] Embed Pods Frameworks */,
			);
			buildRules = (
			);
			dependencies = (
			);
			name = Respondos;
			productName = Respondos;
			productReference = 6DA895232B60F6EE00C43F82 /* Respondos.app */;
			productType = "com.apple.product-type.application";
		};
/* End PBXNativeTarget section */

/* Begin PBXProject section */
		6DA8951B2B60F6EE00C43F82 /* Project object */ = {
			isa = PBXProject;
			attributes = {
				BuildIndependentTargetsInParallel = 1;
				LastSwiftUpdateCheck = 1520;
				LastUpgradeCheck = 1520;
				TargetAttributes = {
					6DA895222B60F6EE00C43F82 = {
						CreatedOnToolsVersion = 15.2;
					};
				};
			};
			buildConfigurationList = 6DA8951E2B60F6EE00C43F82 /* Build configuration list for PBXProject "Respondos" */;
			compatibilityVersion = "Xcode 14.0";
			developmentRegion = en;
			hasScannedForEncodings = 0;
			knownRegions = (
				en,
				Base,
			);
			mainGroup = 6DA8951A2B60F6EE00C43F82;
			productRefGroup = 6DA895242B60F6EE00C43F82 /* Products */;
			projectDirPath = "";
			projectRoot = "";
			targets = (
				6DA895222B60F6EE00C43F82 /* Respondos */,
			);
		};
/* End PBXProject section */

/* Begin PBXResourcesBuildPhase section */
		6DA895212B60F6EE00C43F82 /* Resources */ = {
			isa = PBXResourcesBuildPhase;
			buildActionMask = 2147483647;
			files = (
				6D2129242B7CBCAB004CE41C /* randomizerSound.wav in Resources */,
				6D21292B2B7CC97B004CE41C /* yesOrNoSound.wav in Resources */,
				6DA895332B60F6F000C43F82 /* LaunchScreen.storyboard in Resources */,
				6D2129202B7BA3E7004CE41C /* coinSound.wav in Resources */,
				6DA895302B60F6F000C43F82 /* Assets.xcassets in Resources */,
			);
			runOnlyForDeploymentPostprocessing = 0;
		};
/* End PBXResourcesBuildPhase section */

/* Begin PBXShellScriptBuildPhase section */
		3349D0449B75AADF3B66BBFB /* [CP] Check Pods Manifest.lock */ = {
			isa = PBXShellScriptBuildPhase;
			buildActionMask = 2147483647;
			files = (
			);
			inputFileListPaths = (
			);
			inputPaths = (
				"${PODS_PODFILE_DIR_PATH}/Podfile.lock",
				"${PODS_ROOT}/Manifest.lock",
			);
			name = "[CP] Check Pods Manifest.lock";
			outputFileListPaths = (
			);
			outputPaths = (
				"$(DERIVED_FILE_DIR)/Pods-Respondos-checkManifestLockResult.txt",
			);
			runOnlyForDeploymentPostprocessing = 0;
			shellPath = /bin/sh;
			shellScript = "diff \"${PODS_PODFILE_DIR_PATH}/Podfile.lock\" \"${PODS_ROOT}/Manifest.lock\" > /dev/null\nif [ $? != 0 ] ; then\n    # print error to STDERR\n    echo \"error: The sandbox is not in sync with the Podfile.lock. Run 'pod install' or update your CocoaPods installation.\" >&2\n    exit 1\nfi\n# This output is used by Xcode 'outputs' to avoid re-running this script phase.\necho \"SUCCESS\" > \"${SCRIPT_OUTPUT_FILE_0}\"\n";
			showEnvVarsInLog = 0;
		};
		E2D4000A43C67B83E90AB493 /* [CP] Embed Pods Frameworks */ = {
			isa = PBXShellScriptBuildPhase;
			buildActionMask = 2147483647;
			files = (
			);
			inputFileListPaths = (
				"${PODS_ROOT}/Target Support Files/Pods-Respondos/Pods-Respondos-frameworks-${CONFIGURATION}-input-files.xcfilelist",
			);
			name = "[CP] Embed Pods Frameworks";
			outputFileListPaths = (
				"${PODS_ROOT}/Target Support Files/Pods-Respondos/Pods-Respondos-frameworks-${CONFIGURATION}-output-files.xcfilelist",
			);
			runOnlyForDeploymentPostprocessing = 0;
			shellPath = /bin/sh;
			shellScript = "\"${PODS_ROOT}/Target Support Files/Pods-Respondos/Pods-Respondos-frameworks.sh\"\n";
			showEnvVarsInLog = 0;
		};
/* End PBXShellScriptBuildPhase section */

/* Begin PBXSourcesBuildPhase section */
		6DA8951F2B60F6EE00C43F82 /* Sources */ = {
			isa = PBXSourcesBuildPhase;
			buildActionMask = 2147483647;
			files = (
				6DA895512B653B0400C43F82 /* GeneralButton.swift in Sources */,
				6DA8954C2B610FE400C43F82 /* RandomizerView.swift in Sources */,
				6DA895422B6102F600C43F82 /* HeadsOrTailsViewController.swift in Sources */,
				6DA895402B60F9AB00C43F82 /* TabBarViewController.swift in Sources */,
				6DA895442B61030800C43F82 /* YesOrNoViewController.swift in Sources */,
				6DA895482B610FC800C43F82 /* YesOrNoView.swift in Sources */,
				6DA8954E2B64FB7700C43F82 /* PublicFuncs.swift in Sources */,
				6D350EFB2B74CC5900138AB9 /* Extensions.swift in Sources */,
				6DA895462B61031D00C43F82 /* RandomizerViewController.swift in Sources */,
				6DA895272B60F6EF00C43F82 /* AppDelegate.swift in Sources */,
				6DA8954A2B610FD600C43F82 /* HeadsOrTailsView.swift in Sources */,
				6DA895292B60F6EF00C43F82 /* SceneDelegate.swift in Sources */,
			);
			runOnlyForDeploymentPostprocessing = 0;
		};
/* End PBXSourcesBuildPhase section */

/* Begin PBXVariantGroup section */
		6DA895312B60F6F000C43F82 /* LaunchScreen.storyboard */ = {
			isa = PBXVariantGroup;
			children = (
				6DA895322B60F6F000C43F82 /* Base */,
			);
			name = LaunchScreen.storyboard;
			sourceTree = "<group>";
		};
/* End PBXVariantGroup section */

/* Begin XCBuildConfiguration section */
		6DA895352B60F6F000C43F82 /* Debug */ = {
			isa = XCBuildConfiguration;
			buildSettings = {
				ALWAYS_SEARCH_USER_PATHS = NO;
				ASSETCATALOG_COMPILER_GENERATE_SWIFT_ASSET_SYMBOL_EXTENSIONS = YES;
				CLANG_ANALYZER_NONNULL = YES;
				CLANG_ANALYZER_NUMBER_OBJECT_CONVERSION = YES_AGGRESSIVE;
				CLANG_CXX_LANGUAGE_STANDARD = "gnu++20";
				CLANG_ENABLE_MODULES = YES;
				CLANG_ENABLE_OBJC_ARC = YES;
				CLANG_ENABLE_OBJC_WEAK = YES;
				CLANG_WARN_BLOCK_CAPTURE_AUTORELEASING = YES;
				CLANG_WARN_BOOL_CONVERSION = YES;
				CLANG_WARN_COMMA = YES;
				CLANG_WARN_CONSTANT_CONVERSION = YES;
				CLANG_WARN_DEPRECATED_OBJC_IMPLEMENTATIONS = YES;
				CLANG_WARN_DIRECT_OBJC_ISA_USAGE = YES_ERROR;
				CLANG_WARN_DOCUMENTATION_COMMENTS = YES;
				CLANG_WARN_EMPTY_BODY = YES;
				CLANG_WARN_ENUM_CONVERSION = YES;
				CLANG_WARN_INFINITE_RECURSION = YES;
				CLANG_WARN_INT_CONVERSION = YES;
				CLANG_WARN_NON_LITERAL_NULL_CONVERSION = YES;
				CLANG_WARN_OBJC_IMPLICIT_RETAIN_SELF = YES;
				CLANG_WARN_OBJC_LITERAL_CONVERSION = YES;
				CLANG_WARN_OBJC_ROOT_CLASS = YES_ERROR;
				CLANG_WARN_QUOTED_INCLUDE_IN_FRAMEWORK_HEADER = YES;
				CLANG_WARN_RANGE_LOOP_ANALYSIS = YES;
				CLANG_WARN_STRICT_PROTOTYPES = YES;
				CLANG_WARN_SUSPICIOUS_MOVE = YES;
				CLANG_WARN_UNGUARDED_AVAILABILITY = YES_AGGRESSIVE;
				CLANG_WARN_UNREACHABLE_CODE = YES;
				CLANG_WARN__DUPLICATE_METHOD_MATCH = YES;
				COPY_PHASE_STRIP = NO;
				DEBUG_INFORMATION_FORMAT = dwarf;
				ENABLE_STRICT_OBJC_MSGSEND = YES;
				ENABLE_TESTABILITY = YES;
				ENABLE_USER_SCRIPT_SANDBOXING = NO;
				GCC_C_LANGUAGE_STANDARD = gnu17;
				GCC_DYNAMIC_NO_PIC = NO;
				GCC_NO_COMMON_BLOCKS = YES;
				GCC_OPTIMIZATION_LEVEL = 0;
				GCC_PREPROCESSOR_DEFINITIONS = (
					"DEBUG=1",
					"$(inherited)",
				);
				GCC_WARN_64_TO_32_BIT_CONVERSION = YES;
				GCC_WARN_ABOUT_RETURN_TYPE = YES_ERROR;
				GCC_WARN_UNDECLARED_SELECTOR = YES;
				GCC_WARN_UNINITIALIZED_AUTOS = YES_AGGRESSIVE;
				GCC_WARN_UNUSED_FUNCTION = YES;
				GCC_WARN_UNUSED_VARIABLE = YES;
				IPHONEOS_DEPLOYMENT_TARGET = 17.2;
				LOCALIZATION_PREFERS_STRING_CATALOGS = YES;
				MTL_ENABLE_DEBUG_INFO = INCLUDE_SOURCE;
				MTL_FAST_MATH = YES;
				ONLY_ACTIVE_ARCH = YES;
				SDKROOT = iphoneos;
				SWIFT_ACTIVE_COMPILATION_CONDITIONS = "DEBUG $(inherited)";
				SWIFT_OPTIMIZATION_LEVEL = "-Onone";
			};
			name = Debug;
		};
		6DA895362B60F6F000C43F82 /* Release */ = {
			isa = XCBuildConfiguration;
			buildSettings = {
				ALWAYS_SEARCH_USER_PATHS = NO;
				ASSETCATALOG_COMPILER_GENERATE_SWIFT_ASSET_SYMBOL_EXTENSIONS = YES;
				CLANG_ANALYZER_NONNULL = YES;
				CLANG_ANALYZER_NUMBER_OBJECT_CONVERSION = YES_AGGRESSIVE;
				CLANG_CXX_LANGUAGE_STANDARD = "gnu++20";
				CLANG_ENABLE_MODULES = YES;
				CLANG_ENABLE_OBJC_ARC = YES;
				CLANG_ENABLE_OBJC_WEAK = YES;
				CLANG_WARN_BLOCK_CAPTURE_AUTORELEASING = YES;
				CLANG_WARN_BOOL_CONVERSION = YES;
				CLANG_WARN_COMMA = YES;
				CLANG_WARN_CONSTANT_CONVERSION = YES;
				CLANG_WARN_DEPRECATED_OBJC_IMPLEMENTATIONS = YES;
				CLANG_WARN_DIRECT_OBJC_ISA_USAGE = YES_ERROR;
				CLANG_WARN_DOCUMENTATION_COMMENTS = YES;
				CLANG_WARN_EMPTY_BODY = YES;
				CLANG_WARN_ENUM_CONVERSION = YES;
				CLANG_WARN_INFINITE_RECURSION = YES;
				CLANG_WARN_INT_CONVERSION = YES;
				CLANG_WARN_NON_LITERAL_NULL_CONVERSION = YES;
				CLANG_WARN_OBJC_IMPLICIT_RETAIN_SELF = YES;
				CLANG_WARN_OBJC_LITERAL_CONVERSION = YES;
				CLANG_WARN_OBJC_ROOT_CLASS = YES_ERROR;
				CLANG_WARN_QUOTED_INCLUDE_IN_FRAMEWORK_HEADER = YES;
				CLANG_WARN_RANGE_LOOP_ANALYSIS = YES;
				CLANG_WARN_STRICT_PROTOTYPES = YES;
				CLANG_WARN_SUSPICIOUS_MOVE = YES;
				CLANG_WARN_UNGUARDED_AVAILABILITY = YES_AGGRESSIVE;
				CLANG_WARN_UNREACHABLE_CODE = YES;
				CLANG_WARN__DUPLICATE_METHOD_MATCH = YES;
				COPY_PHASE_STRIP = NO;
				DEBUG_INFORMATION_FORMAT = "dwarf-with-dsym";
				ENABLE_NS_ASSERTIONS = NO;
				ENABLE_STRICT_OBJC_MSGSEND = YES;
				ENABLE_USER_SCRIPT_SANDBOXING = NO;
				GCC_C_LANGUAGE_STANDARD = gnu17;
				GCC_NO_COMMON_BLOCKS = YES;
				GCC_WARN_64_TO_32_BIT_CONVERSION = YES;
				GCC_WARN_ABOUT_RETURN_TYPE = YES_ERROR;
				GCC_WARN_UNDECLARED_SELECTOR = YES;
				GCC_WARN_UNINITIALIZED_AUTOS = YES_AGGRESSIVE;
				GCC_WARN_UNUSED_FUNCTION = YES;
				GCC_WARN_UNUSED_VARIABLE = YES;
				IPHONEOS_DEPLOYMENT_TARGET = 17.2;
				LOCALIZATION_PREFERS_STRING_CATALOGS = YES;
				MTL_ENABLE_DEBUG_INFO = NO;
				MTL_FAST_MATH = YES;
				SDKROOT = iphoneos;
				SWIFT_COMPILATION_MODE = wholemodule;
				VALIDATE_PRODUCT = YES;
			};
			name = Release;
		};
		6DA895382B60F6F000C43F82 /* Debug */ = {
			isa = XCBuildConfiguration;
			baseConfigurationReference = D0066DBC13EF36E931748C96 /* Pods-Respondos.debug.xcconfig */;
			buildSettings = {
				ASSETCATALOG_COMPILER_APPICON_NAME = AppIcon;
				ASSETCATALOG_COMPILER_GLOBAL_ACCENT_COLOR_NAME = AccentColor;
				CODE_SIGN_STYLE = Automatic;
				CURRENT_PROJECT_VERSION = 1;
				DEVELOPMENT_TEAM = KKDHHVW363;
				GENERATE_INFOPLIST_FILE = YES;
				INFOPLIST_FILE = Respondos/Info.plist;
				INFOPLIST_KEY_UIApplicationSupportsIndirectInputEvents = YES;
				INFOPLIST_KEY_UILaunchStoryboardName = LaunchScreen;
				INFOPLIST_KEY_UISupportedInterfaceOrientations_iPad = "UIInterfaceOrientationPortrait UIInterfaceOrientationPortraitUpsideDown UIInterfaceOrientationLandscapeLeft UIInterfaceOrientationLandscapeRight";
				INFOPLIST_KEY_UISupportedInterfaceOrientations_iPhone = "UIInterfaceOrientationPortrait UIInterfaceOrientationLandscapeLeft UIInterfaceOrientationLandscapeRight";
				IPHONEOS_DEPLOYMENT_TARGET = 14.0;
				LD_RUNPATH_SEARCH_PATHS = (
					"$(inherited)",
					"@executable_path/Frameworks",
				);
				MARKETING_VERSION = 1.0;
				PRODUCT_BUNDLE_IDENTIFIER = "-05.Respondos";
				PRODUCT_NAME = "$(TARGET_NAME)";
				SWIFT_EMIT_LOC_STRINGS = YES;
				SWIFT_VERSION = 5.0;
				TARGETED_DEVICE_FAMILY = "1,2";
			};
			name = Debug;
		};
		6DA895392B60F6F000C43F82 /* Release */ = {
			isa = XCBuildConfiguration;
			baseConfigurationReference = 107EFDA054DA47FCD0DE9F83 /* Pods-Respondos.release.xcconfig */;
			buildSettings = {
				ASSETCATALOG_COMPILER_APPICON_NAME = AppIcon;
				ASSETCATALOG_COMPILER_GLOBAL_ACCENT_COLOR_NAME = AccentColor;
				CODE_SIGN_STYLE = Automatic;
				CURRENT_PROJECT_VERSION = 1;
				DEVELOPMENT_TEAM = KKDHHVW363;
				GENERATE_INFOPLIST_FILE = YES;
				INFOPLIST_FILE = Respondos/Info.plist;
				INFOPLIST_KEY_UIApplicationSupportsIndirectInputEvents = YES;
				INFOPLIST_KEY_UILaunchStoryboardName = LaunchScreen;
				INFOPLIST_KEY_UISupportedInterfaceOrientations_iPad = "UIInterfaceOrientationPortrait UIInterfaceOrientationPortraitUpsideDown UIInterfaceOrientationLandscapeLeft UIInterfaceOrientationLandscapeRight";
				INFOPLIST_KEY_UISupportedInterfaceOrientations_iPhone = "UIInterfaceOrientationPortrait UIInterfaceOrientationLandscapeLeft UIInterfaceOrientationLandscapeRight";
				IPHONEOS_DEPLOYMENT_TARGET = 14.0;
				LD_RUNPATH_SEARCH_PATHS = (
					"$(inherited)",
					"@executable_path/Frameworks",
				);
				MARKETING_VERSION = 1.0;
				PRODUCT_BUNDLE_IDENTIFIER = "-05.Respondos";
				PRODUCT_NAME = "$(TARGET_NAME)";
				SWIFT_EMIT_LOC_STRINGS = YES;
				SWIFT_VERSION = 5.0;
				TARGETED_DEVICE_FAMILY = "1,2";
			};
			name = Release;
		};
/* End XCBuildConfiguration section */

/* Begin XCConfigurationList section */
		6DA8951E2B60F6EE00C43F82 /* Build configuration list for PBXProject "Respondos" */ = {
			isa = XCConfigurationList;
			buildConfigurations = (
				6DA895352B60F6F000C43F82 /* Debug */,
				6DA895362B60F6F000C43F82 /* Release */,
			);
			defaultConfigurationIsVisible = 0;
			defaultConfigurationName = Release;
		};
		6DA895372B60F6F000C43F82 /* Build configuration list for PBXNativeTarget "Respondos" */ = {
			isa = XCConfigurationList;
			buildConfigurations = (
				6DA895382B60F6F000C43F82 /* Debug */,
				6DA895392B60F6F000C43F82 /* Release */,
			);
			defaultConfigurationIsVisible = 0;
			defaultConfigurationName = Release;
		};
/* End XCConfigurationList section */
	};
	rootObject = 6DA8951B2B60F6EE00C43F82 /* Project object */;
}
